
Microsoft Visual Studio Solution File, Format Version 12.00
# Visual Studio Version 16
VisualStudioVersion = 16.0.28714.193
MinimumVisualStudioVersion = 10.0.40219.1
Project("{FAE04EC0-301F-11D3-BF4B-00C04F79EFBC}") = "YetAnotherAdtConverter", "YetAnotherAdtConverter\YetAnotherAdtConverter.csproj", "{CD1E7F00-81C5-4F8B-A228-AC1C8985D755}"
EndProject
Global
	GlobalSection(SolutionConfigurationPlatforms) = preSolution
		Debug|Any CPU = Debug|Any CPU
		Release|Any CPU = Release|Any CPU
	EndGlobalSection
	GlobalSection(ProjectConfigurationPlatforms) = postSolution
		{CD1E7F00-81C5-4F8B-A228-AC1C8985D755}.Debug|Any CPU.ActiveCfg = Debug|Any CPU
		{CD1E7F00-81C5-4F8B-A228-AC1C8985D755}.Debug|Any CPU.Build.0 = Debug|Any CPU
		{CD1E7F00-81C5-4F8B-A228-AC1C8985D755}.Release|Any CPU.ActiveCfg = Release|Any CPU
		{CD1E7F00-81C5-4F8B-A228-AC1C8985D755}.Release|Any CPU.Build.0 = Release|Any CPU
	EndGlobalSection
	GlobalSection(SolutionProperties) = preSolution
		HideSolutionNode = FALSE
	EndGlobalSection
	GlobalSection(ExtensibilityGlobals) = postSolution
		SolutionGuid = {E09776B2-F09F-4586-BB62-D70E7563DB65}
	EndGlobalSection
EndGlobal
